
Microsoft Visual Studio Solution File, Format Version 12.00
# Visual Studio Version 17
VisualStudioVersion = 17.7.34024.191
MinimumVisualStudioVersion = 10.0.40219.1
Project("{8BC9CEB8-8B4A-11D0-8D11-00A0C91BC942}") = "06 Use ImGui", "06 Use ImGui\06 Use ImGui.vcxproj", "{114C0518-75BF-4B4B-B4D0-2B3841866C78}"
EndProject
Project("{8BC9CEB8-8B4A-11D0-8D11-00A0C91BC942}") = "03 Rendering a Cube", "03 Rendering a Cube\03 Rendering a Cube.vcxproj", "{FA4EEC75-1188-4F7F-9945-A3F123FBE55C}"
EndProject
Project("{8BC9CEB8-8B4A-11D0-8D11-00A0C91BC942}") = "02 Rendering a Triangle", "02 Rendering a Triangle\02 Rendering a Triangle.vcxproj", "{436ADCDC-EFD8-43AD-9E93-A51AE07C6368}"
EndProject
Project("{8BC9CEB8-8B4A-11D0-8D11-00A0C91BC942}") = "01 DirectX11 Initialization", "01 DirectX11 Initialization\01 DirectX11 Initialization.vcxproj", "{DB16EA24-AB3E-47E2-9AAA-E7E171589696}"
EndProject
Project("{8BC9CEB8-8B4A-11D0-8D11-00A0C91BC942}") = "09 Texture Mapping", "09 Texture Mapping\09 Texture Mapping.vcxproj", "{66B57495-2AC2-4878-89F2-0361B71668AB}"
EndProject
Project("{2150E333-8FDC-42A3-9474-1A3956D46DE8}") = "imGui", "imGui", "{E070246B-9830-4589-82E0-60245D2327AE}"
EndProject
Project("{8BC9CEB8-8B4A-11D0-8D11-00A0C91BC942}") = "imGui", "ImGui\imGui\imGui.vcxproj", "{6C4C305F-B509-4254-A15E-CE5712CCD83C}"
EndProject
Project("{2150E333-8FDC-42A3-9474-1A3956D46DE8}") = "assimp", "assimp", "{3212F3BF-63BD-434D-B327-7FA3AFC62F25}"
EndProject
Project("{8BC9CEB8-8B4A-11D0-8D11-00A0C91BC942}") = "assimp", "assimp\build\code\assimp.vcxproj", "{6AF2FCDA-64FB-3E4B-823F-988B2B8F3D80}"
EndProject
Project("{8BC9CEB8-8B4A-11D0-8D11-00A0C91BC942}") = "UpdateAssimpLibsDebugSymbolsAndDLLs", "assimp\build\UpdateAssimpLibsDebugSymbolsAndDLLs.vcxproj", "{7BCF7AE3-89CD-39B8-9FA5-7F9E2CD753D2}"
EndProject
Project("{8BC9CEB8-8B4A-11D0-8D11-00A0C91BC942}") = "zlibstatic", "assimp\build\contrib\zlib\zlibstatic.vcxproj", "{370E71AF-1E64-3057-A672-C8EA28662E66}"
EndProject
Project("{8BC9CEB8-8B4A-11D0-8D11-00A0C91BC942}") = "图形组最终考核", "图形组最终考核\图形组最终考核.vcxproj", "{F65DB080-ED93-4C1D-868D-7682165A22D5}"
EndProject
Global
	GlobalSection(SolutionConfigurationPlatforms) = preSolution
		Debug|x64 = Debug|x64
		Debug|x86 = Debug|x86
		MinSizeRel|x64 = MinSizeRel|x64
		MinSizeRel|x86 = MinSizeRel|x86
		Release|x64 = Release|x64
		Release|x86 = Release|x86
		RelWithDebInfo|x64 = RelWithDebInfo|x64
		RelWithDebInfo|x86 = RelWithDebInfo|x86
	EndGlobalSection
	GlobalSection(ProjectConfigurationPlatforms) = postSolution
		{114C0518-75BF-4B4B-B4D0-2B3841866C78}.Debug|x64.ActiveCfg = Debug|x64
		{114C0518-75BF-4B4B-B4D0-2B3841866C78}.Debug|x64.Build.0 = Debug|x64
		{114C0518-75BF-4B4B-B4D0-2B3841866C78}.Debug|x86.ActiveCfg = Debug|Win32
		{114C0518-75BF-4B4B-B4D0-2B3841866C78}.Debug|x86.Build.0 = Debug|Win32
		{114C0518-75BF-4B4B-B4D0-2B3841866C78}.MinSizeRel|x64.ActiveCfg = Release|x64
		{114C0518-75BF-4B4B-B4D0-2B3841866C78}.MinSizeRel|x64.Build.0 = Release|x64
		{114C0518-75BF-4B4B-B4D0-2B3841866C78}.MinSizeRel|x86.ActiveCfg = Release|Win32
		{114C0518-75BF-4B4B-B4D0-2B3841866C78}.MinSizeRel|x86.Build.0 = Release|Win32
		{114C0518-75BF-4B4B-B4D0-2B3841866C78}.Release|x64.ActiveCfg = Release|x64
		{114C0518-75BF-4B4B-B4D0-2B3841866C78}.Release|x64.Build.0 = Release|x64
		{114C0518-75BF-4B4B-B4D0-2B3841866C78}.Release|x86.ActiveCfg = Release|Win32
		{114C0518-75BF-4B4B-B4D0-2B3841866C78}.Release|x86.Build.0 = Release|Win32
		{114C0518-75BF-4B4B-B4D0-2B3841866C78}.RelWithDebInfo|x64.ActiveCfg = Release|x64
		{114C0518-75BF-4B4B-B4D0-2B3841866C78}.RelWithDebInfo|x64.Build.0 = Release|x64
		{114C0518-75BF-4B4B-B4D0-2B3841866C78}.RelWithDebInfo|x86.ActiveCfg = Release|Win32
		{114C0518-75BF-4B4B-B4D0-2B3841866C78}.RelWithDebInfo|x86.Build.0 = Release|Win32
		{FA4EEC75-1188-4F7F-9945-A3F123FBE55C}.Debug|x64.ActiveCfg = Debug|x64
		{FA4EEC75-1188-4F7F-9945-A3F123FBE55C}.Debug|x64.Build.0 = Debug|x64
		{FA4EEC75-1188-4F7F-9945-A3F123FBE55C}.Debug|x86.ActiveCfg = Debug|Win32
		{FA4EEC75-1188-4F7F-9945-A3F123FBE55C}.Debug|x86.Build.0 = Debug|Win32
		{FA4EEC75-1188-4F7F-9945-A3F123FBE55C}.MinSizeRel|x64.ActiveCfg = Release|x64
		{FA4EEC75-1188-4F7F-9945-A3F123FBE55C}.MinSizeRel|x64.Build.0 = Release|x64
		{FA4EEC75-1188-4F7F-9945-A3F123FBE55C}.MinSizeRel|x86.ActiveCfg = Release|Win32
		{FA4EEC75-1188-4F7F-9945-A3F123FBE55C}.MinSizeRel|x86.Build.0 = Release|Win32
		{FA4EEC75-1188-4F7F-9945-A3F123FBE55C}.Release|x64.ActiveCfg = Release|x64
		{FA4EEC75-1188-4F7F-9945-A3F123FBE55C}.Release|x64.Build.0 = Release|x64
		{FA4EEC75-1188-4F7F-9945-A3F123FBE55C}.Release|x86.ActiveCfg = Release|Win32
		{FA4EEC75-1188-4F7F-9945-A3F123FBE55C}.Release|x86.Build.0 = Release|Win32
		{FA4EEC75-1188-4F7F-9945-A3F123FBE55C}.RelWithDebInfo|x64.ActiveCfg = Release|x64
		{FA4EEC75-1188-4F7F-9945-A3F123FBE55C}.RelWithDebInfo|x64.Build.0 = Release|x64
		{FA4EEC75-1188-4F7F-9945-A3F123FBE55C}.RelWithDebInfo|x86.ActiveCfg = Release|Win32
		{FA4EEC75-1188-4F7F-9945-A3F123FBE55C}.RelWithDebInfo|x86.Build.0 = Release|Win32
		{436ADCDC-EFD8-43AD-9E93-A51AE07C6368}.Debug|x64.ActiveCfg = Debug|x64
		{436ADCDC-EFD8-43AD-9E93-A51AE07C6368}.Debug|x64.Build.0 = Debug|x64
		{436ADCDC-EFD8-43AD-9E93-A51AE07C6368}.Debug|x86.ActiveCfg = Debug|Win32
		{436ADCDC-EFD8-43AD-9E93-A51AE07C6368}.Debug|x86.Build.0 = Debug|Win32
		{436ADCDC-EFD8-43AD-9E93-A51AE07C6368}.MinSizeRel|x64.ActiveCfg = Release|x64
		{436ADCDC-EFD8-43AD-9E93-A51AE07C6368}.MinSizeRel|x64.Build.0 = Release|x64
		{436ADCDC-EFD8-43AD-9E93-A51AE07C6368}.MinSizeRel|x86.ActiveCfg = Release|Win32
		{436ADCDC-EFD8-43AD-9E93-A51AE07C6368}.MinSizeRel|x86.Build.0 = Release|Win32
		{436ADCDC-EFD8-43AD-9E93-A51AE07C6368}.Release|x64.ActiveCfg = Release|x64
		{436ADCDC-EFD8-43AD-9E93-A51AE07C6368}.Release|x64.Build.0 = Release|x64
		{436ADCDC-EFD8-43AD-9E93-A51AE07C6368}.Release|x86.ActiveCfg = Release|Win32
		{436ADCDC-EFD8-43AD-9E93-A51AE07C6368}.Release|x86.Build.0 = Release|Win32
		{436ADCDC-EFD8-43AD-9E93-A51AE07C6368}.RelWithDebInfo|x64.ActiveCfg = Release|x64
		{436ADCDC-EFD8-43AD-9E93-A51AE07C6368}.RelWithDebInfo|x64.Build.0 = Release|x64
		{436ADCDC-EFD8-43AD-9E93-A51AE07C6368}.RelWithDebInfo|x86.ActiveCfg = Release|Win32
		{436ADCDC-EFD8-43AD-9E93-A51AE07C6368}.RelWithDebInfo|x86.Build.0 = Release|Win32
		{DB16EA24-AB3E-47E2-9AAA-E7E171589696}.Debug|x64.ActiveCfg = Debug|x64
		{DB16EA24-AB3E-47E2-9AAA-E7E171589696}.Debug|x64.Build.0 = Debug|x64
		{DB16EA24-AB3E-47E2-9AAA-E7E171589696}.Debug|x86.ActiveCfg = Debug|Win32
		{DB16EA24-AB3E-47E2-9AAA-E7E171589696}.Debug|x86.Build.0 = Debug|Win32
		{DB16EA24-AB3E-47E2-9AAA-E7E171589696}.MinSizeRel|x64.ActiveCfg = Release|x64
		{DB16EA24-AB3E-47E2-9AAA-E7E171589696}.MinSizeRel|x64.Build.0 = Release|x64
		{DB16EA24-AB3E-47E2-9AAA-E7E171589696}.MinSizeRel|x86.ActiveCfg = Release|Win32
		{DB16EA24-AB3E-47E2-9AAA-E7E171589696}.MinSizeRel|x86.Build.0 = Release|Win32
		{DB16EA24-AB3E-47E2-9AAA-E7E171589696}.Release|x64.ActiveCfg = Release|x64
		{DB16EA24-AB3E-47E2-9AAA-E7E171589696}.Release|x64.Build.0 = Release|x64
		{DB16EA24-AB3E-47E2-9AAA-E7E171589696}.Release|x86.ActiveCfg = Release|Win32
		{DB16EA24-AB3E-47E2-9AAA-E7E171589696}.Release|x86.Build.0 = Release|Win32
		{DB16EA24-AB3E-47E2-9AAA-E7E171589696}.RelWithDebInfo|x64.ActiveCfg = Release|x64
		{DB16EA24-AB3E-47E2-9AAA-E7E171589696}.RelWithDebInfo|x64.Build.0 = Release|x64
		{DB16EA24-AB3E-47E2-9AAA-E7E171589696}.RelWithDebInfo|x86.ActiveCfg = Release|Win32
		{DB16EA24-AB3E-47E2-9AAA-E7E171589696}.RelWithDebInfo|x86.Build.0 = Release|Win32
		{66B57495-2AC2-4878-89F2-0361B71668AB}.Debug|x64.ActiveCfg = Debug|x64
		{66B57495-2AC2-4878-89F2-0361B71668AB}.Debug|x64.Build.0 = Debug|x64
		{66B57495-2AC2-4878-89F2-0361B71668AB}.Debug|x86.ActiveCfg = Debug|Win32
		{66B57495-2AC2-4878-89F2-0361B71668AB}.Debug|x86.Build.0 = Debug|Win32
		{66B57495-2AC2-4878-89F2-0361B71668AB}.MinSizeRel|x64.ActiveCfg = Release|x64
		{66B57495-2AC2-4878-89F2-0361B71668AB}.MinSizeRel|x64.Build.0 = Release|x64
		{66B57495-2AC2-4878-89F2-0361B71668AB}.MinSizeRel|x86.ActiveCfg = Release|Win32
		{66B57495-2AC2-4878-89F2-0361B71668AB}.MinSizeRel|x86.Build.0 = Release|Win32
		{66B57495-2AC2-4878-89F2-0361B71668AB}.Release|x64.ActiveCfg = Release|x64
		{66B57495-2AC2-4878-89F2-0361B71668AB}.Release|x64.Build.0 = Release|x64
		{66B57495-2AC2-4878-89F2-0361B71668AB}.Release|x86.ActiveCfg = Release|Win32
		{66B57495-2AC2-4878-89F2-0361B71668AB}.Release|x86.Build.0 = Release|Win32
		{66B57495-2AC2-4878-89F2-0361B71668AB}.RelWithDebInfo|x64.ActiveCfg = Release|x64
		{66B57495-2AC2-4878-89F2-0361B71668AB}.RelWithDebInfo|x64.Build.0 = Release|x64
		{66B57495-2AC2-4878-89F2-0361B71668AB}.RelWithDebInfo|x86.ActiveCfg = Release|Win32
		{66B57495-2AC2-4878-89F2-0361B71668AB}.RelWithDebInfo|x86.Build.0 = Release|Win32
		{6C4C305F-B509-4254-A15E-CE5712CCD83C}.Debug|x64.ActiveCfg = Debug|x64
		{6C4C305F-B509-4254-A15E-CE5712CCD83C}.Debug|x64.Build.0 = Debug|x64
		{6C4C305F-B509-4254-A15E-CE5712CCD83C}.Debug|x86.ActiveCfg = Debug|Win32
		{6C4C305F-B509-4254-A15E-CE5712CCD83C}.Debug|x86.Build.0 = Debug|Win32
		{6C4C305F-B509-4254-A15E-CE5712CCD83C}.MinSizeRel|x64.ActiveCfg = Debug|x64
		{6C4C305F-B509-4254-A15E-CE5712CCD83C}.MinSizeRel|x64.Build.0 = Debug|x64
		{6C4C305F-B509-4254-A15E-CE5712CCD83C}.MinSizeRel|x86.ActiveCfg = Debug|Win32
		{6C4C305F-B509-4254-A15E-CE5712CCD83C}.MinSizeRel|x86.Build.0 = Debug|Win32
		{6C4C305F-B509-4254-A15E-CE5712CCD83C}.Release|x64.ActiveCfg = Release|x64
		{6C4C305F-B509-4254-A15E-CE5712CCD83C}.Release|x64.Build.0 = Release|x64
		{6C4C305F-B509-4254-A15E-CE5712CCD83C}.Release|x86.ActiveCfg = Release|Win32
		{6C4C305F-B509-4254-A15E-CE5712CCD83C}.Release|x86.Build.0 = Release|Win32
		{6C4C305F-B509-4254-A15E-CE5712CCD83C}.RelWithDebInfo|x64.ActiveCfg = Release|x64
		{6C4C305F-B509-4254-A15E-CE5712CCD83C}.RelWithDebInfo|x64.Build.0 = Release|x64
		{6C4C305F-B509-4254-A15E-CE5712CCD83C}.RelWithDebInfo|x86.ActiveCfg = Release|Win32
		{6C4C305F-B509-4254-A15E-CE5712CCD83C}.RelWithDebInfo|x86.Build.0 = Release|Win32
		{6AF2FCDA-64FB-3E4B-823F-988B2B8F3D80}.Debug|x64.ActiveCfg = Debug|x64
		{6AF2FCDA-64FB-3E4B-823F-988B2B8F3D80}.Debug|x64.Build.0 = Debug|x64
		{6AF2FCDA-64FB-3E4B-823F-988B2B8F3D80}.Debug|x86.ActiveCfg = Debug|x64
		{6AF2FCDA-64FB-3E4B-823F-988B2B8F3D80}.Debug|x86.Build.0 = Debug|x64
		{6AF2FCDA-64FB-3E4B-823F-988B2B8F3D80}.MinSizeRel|x64.ActiveCfg = MinSizeRel|x64
		{6AF2FCDA-64FB-3E4B-823F-988B2B8F3D80}.MinSizeRel|x64.Build.0 = MinSizeRel|x64
		{6AF2FCDA-64FB-3E4B-823F-988B2B8F3D80}.MinSizeRel|x86.ActiveCfg = MinSizeRel|x64
		{6AF2FCDA-64FB-3E4B-823F-988B2B8F3D80}.MinSizeRel|x86.Build.0 = MinSizeRel|x64
		{6AF2FCDA-64FB-3E4B-823F-988B2B8F3D80}.Release|x64.ActiveCfg = Release|x64
		{6AF2FCDA-64FB-3E4B-823F-988B2B8F3D80}.Release|x64.Build.0 = Release|x64
		{6AF2FCDA-64FB-3E4B-823F-988B2B8F3D80}.Release|x86.ActiveCfg = Release|x64
		{6AF2FCDA-64FB-3E4B-823F-988B2B8F3D80}.Release|x86.Build.0 = Release|x64
		{6AF2FCDA-64FB-3E4B-823F-988B2B8F3D80}.RelWithDebInfo|x64.ActiveCfg = RelWithDebInfo|x64
		{6AF2FCDA-64FB-3E4B-823F-988B2B8F3D80}.RelWithDebInfo|x64.Build.0 = RelWithDebInfo|x64
		{6AF2FCDA-64FB-3E4B-823F-988B2B8F3D80}.RelWithDebInfo|x86.ActiveCfg = RelWithDebInfo|x64
		{6AF2FCDA-64FB-3E4B-823F-988B2B8F3D80}.RelWithDebInfo|x86.Build.0 = RelWithDebInfo|x64
		{7BCF7AE3-89CD-39B8-9FA5-7F9E2CD753D2}.Debug|x64.ActiveCfg = Debug|x64
		{7BCF7AE3-89CD-39B8-9FA5-7F9E2CD753D2}.Debug|x64.Build.0 = Debug|x64
		{7BCF7AE3-89CD-39B8-9FA5-7F9E2CD753D2}.Debug|x86.ActiveCfg = Debug|x64
		{7BCF7AE3-89CD-39B8-9FA5-7F9E2CD753D2}.Debug|x86.Build.0 = Debug|x64
		{7BCF7AE3-89CD-39B8-9FA5-7F9E2CD753D2}.MinSizeRel|x64.ActiveCfg = MinSizeRel|x64
		{7BCF7AE3-89CD-39B8-9FA5-7F9E2CD753D2}.MinSizeRel|x64.Build.0 = MinSizeRel|x64
		{7BCF7AE3-89CD-39B8-9FA5-7F9E2CD753D2}.MinSizeRel|x86.ActiveCfg = MinSizeRel|x64
		{7BCF7AE3-89CD-39B8-9FA5-7F9E2CD753D2}.MinSizeRel|x86.Build.0 = MinSizeRel|x64
		{7BCF7AE3-89CD-39B8-9FA5-7F9E2CD753D2}.Release|x64.ActiveCfg = Release|x64
		{7BCF7AE3-89CD-39B8-9FA5-7F9E2CD753D2}.Release|x64.Build.0 = Release|x64
		{7BCF7AE3-89CD-39B8-9FA5-7F9E2CD753D2}.Release|x86.ActiveCfg = Release|x64
		{7BCF7AE3-89CD-39B8-9FA5-7F9E2CD753D2}.Release|x86.Build.0 = Release|x64
		{7BCF7AE3-89CD-39B8-9FA5-7F9E2CD753D2}.RelWithDebInfo|x64.ActiveCfg = RelWithDebInfo|x64
		{7BCF7AE3-89CD-39B8-9FA5-7F9E2CD753D2}.RelWithDebInfo|x64.Build.0 = RelWithDebInfo|x64
		{7BCF7AE3-89CD-39B8-9FA5-7F9E2CD753D2}.RelWithDebInfo|x86.ActiveCfg = RelWithDebInfo|x64
		{7BCF7AE3-89CD-39B8-9FA5-7F9E2CD753D2}.RelWithDebInfo|x86.Build.0 = RelWithDebInfo|x64
		{370E71AF-1E64-3057-A672-C8EA28662E66}.Debug|x64.ActiveCfg = Debug|x64
		{370E71AF-1E64-3057-A672-C8EA28662E66}.Debug|x64.Build.0 = Debug|x64
		{370E71AF-1E64-3057-A672-C8EA28662E66}.Debug|x86.ActiveCfg = Debug|x64
		{370E71AF-1E64-3057-A672-C8EA28662E66}.Debug|x86.Build.0 = Debug|x64
		{370E71AF-1E64-3057-A672-C8EA28662E66}.MinSizeRel|x64.ActiveCfg = MinSizeRel|x64
		{370E71AF-1E64-3057-A672-C8EA28662E66}.MinSizeRel|x64.Build.0 = MinSizeRel|x64
		{370E71AF-1E64-3057-A672-C8EA28662E66}.MinSizeRel|x86.ActiveCfg = MinSizeRel|x64
		{370E71AF-1E64-3057-A672-C8EA28662E66}.MinSizeRel|x86.Build.0 = MinSizeRel|x64
		{370E71AF-1E64-3057-A672-C8EA28662E66}.Release|x64.ActiveCfg = Release|x64
		{370E71AF-1E64-3057-A672-C8EA28662E66}.Release|x64.Build.0 = Release|x64
		{370E71AF-1E64-3057-A672-C8EA28662E66}.Release|x86.ActiveCfg = Release|x64
		{370E71AF-1E64-3057-A672-C8EA28662E66}.Release|x86.Build.0 = Release|x64
		{370E71AF-1E64-3057-A672-C8EA28662E66}.RelWithDebInfo|x64.ActiveCfg = RelWithDebInfo|x64
		{370E71AF-1E64-3057-A672-C8EA28662E66}.RelWithDebInfo|x64.Build.0 = RelWithDebInfo|x64
		{370E71AF-1E64-3057-A672-C8EA28662E66}.RelWithDebInfo|x86.ActiveCfg = RelWithDebInfo|x64
		{370E71AF-1E64-3057-A672-C8EA28662E66}.RelWithDebInfo|x86.Build.0 = RelWithDebInfo|x64
		{F65DB080-ED93-4C1D-868D-7682165A22D5}.Debug|x64.ActiveCfg = Debug|x64
		{F65DB080-ED93-4C1D-868D-7682165A22D5}.Debug|x64.Build.0 = Debug|x64
		{F65DB080-ED93-4C1D-868D-7682165A22D5}.Debug|x86.ActiveCfg = Debug|Win32
		{F65DB080-ED93-4C1D-868D-7682165A22D5}.Debug|x86.Build.0 = Debug|Win32
		{F65DB080-ED93-4C1D-868D-7682165A22D5}.MinSizeRel|x64.ActiveCfg = Debug|x64
		{F65DB080-ED93-4C1D-868D-7682165A22D5}.MinSizeRel|x64.Build.0 = Debug|x64
		{F65DB080-ED93-4C1D-868D-7682165A22D5}.MinSizeRel|x86.ActiveCfg = Debug|Win32
		{F65DB080-ED93-4C1D-868D-7682165A22D5}.MinSizeRel|x86.Build.0 = Debug|Win32
		{F65DB080-ED93-4C1D-868D-7682165A22D5}.Release|x64.ActiveCfg = Release|x64
		{F65DB080-ED93-4C1D-868D-7682165A22D5}.Release|x64.Build.0 = Release|x64
		{F65DB080-ED93-4C1D-868D-7682165A22D5}.Release|x86.ActiveCfg = Release|Win32
		{F65DB080-ED93-4C1D-868D-7682165A22D5}.Release|x86.Build.0 = Release|Win32
		{F65DB080-ED93-4C1D-868D-7682165A22D5}.RelWithDebInfo|x64.ActiveCfg = Release|x64
		{F65DB080-ED93-4C1D-868D-7682165A22D5}.RelWithDebInfo|x64.Build.0 = Release|x64
		{F65DB080-ED93-4C1D-868D-7682165A22D5}.RelWithDebInfo|x86.ActiveCfg = Release|Win32
		{F65DB080-ED93-4C1D-868D-7682165A22D5}.RelWithDebInfo|x86.Build.0 = Release|Win32
	EndGlobalSection
	GlobalSection(SolutionProperties) = preSolution
		HideSolutionNode = FALSE
	EndGlobalSection
	GlobalSection(NestedProjects) = preSolution
		{6C4C305F-B509-4254-A15E-CE5712CCD83C} = {E070246B-9830-4589-82E0-60245D2327AE}
		{6AF2FCDA-64FB-3E4B-823F-988B2B8F3D80} = {3212F3BF-63BD-434D-B327-7FA3AFC62F25}
		{7BCF7AE3-89CD-39B8-9FA5-7F9E2CD753D2} = {3212F3BF-63BD-434D-B327-7FA3AFC62F25}
		{370E71AF-1E64-3057-A672-C8EA28662E66} = {3212F3BF-63BD-434D-B327-7FA3AFC62F25}
	EndGlobalSection
	GlobalSection(ExtensibilityGlobals) = postSolution
		SolutionGuid = {DAAD1B4C-5F5A-41DA-B57C-4B13C386444F}
	EndGlobalSection
EndGlobal
