
Microsoft Visual Studio Solution File, Format Version 12.00
# Visual Studio Version 17
VisualStudioVersion = 17.11.35312.102
MinimumVisualStudioVersion = 10.0.40219.1
Project("{8BC9CEB8-8B4A-11D0-8D11-00A0C91BC942}") = "InitDX12", "InitDX12\InitDX12.vcxproj", "{E2428EFD-CEE2-4B42-9DF4-2EAE361AD86E}"
EndProject
Project("{8BC9CEB8-8B4A-11D0-8D11-00A0C91BC942}") = "Shapes", "Shapes\Shapes.vcxproj", "{1FA54AF8-7415-4CF1-A409-7EF3222B896D}"
EndProject
Project("{8BC9CEB8-8B4A-11D0-8D11-00A0C91BC942}") = "DrawBox", "DrawBox\DrawBox.vcxproj", "{9D4CA095-86C0-4255-8D47-6707FA4BBE3F}"
EndProject
Project("{8BC9CEB8-8B4A-11D0-8D11-00A0C91BC942}") = "LandAndWave", "LandAndWave\LandAndWave.vcxproj", "{E0239728-05DE-43A2-9BB4-0AFBF51B77FE}"
EndProject
Project("{8BC9CEB8-8B4A-11D0-8D11-00A0C91BC942}") = "Light", "Light\Light.vcxproj", "{C6DD5E87-CF72-447F-BC23-D54F3552D4FF}"
EndProject
Global
	GlobalSection(SolutionConfigurationPlatforms) = preSolution
		Debug|x64 = Debug|x64
		Debug|x86 = Debug|x86
		Release|x64 = Release|x64
		Release|x86 = Release|x86
	EndGlobalSection
	GlobalSection(ProjectConfigurationPlatforms) = postSolution
		{E2428EFD-CEE2-4B42-9DF4-2EAE361AD86E}.Debug|x64.ActiveCfg = Debug|x64
		{E2428EFD-CEE2-4B42-9DF4-2EAE361AD86E}.Debug|x64.Build.0 = Debug|x64
		{E2428EFD-CEE2-4B42-9DF4-2EAE361AD86E}.Debug|x86.ActiveCfg = Debug|Win32
		{E2428EFD-CEE2-4B42-9DF4-2EAE361AD86E}.Debug|x86.Build.0 = Debug|Win32
		{E2428EFD-CEE2-4B42-9DF4-2EAE361AD86E}.Release|x64.ActiveCfg = Release|x64
		{E2428EFD-CEE2-4B42-9DF4-2EAE361AD86E}.Release|x64.Build.0 = Release|x64
		{E2428EFD-CEE2-4B42-9DF4-2EAE361AD86E}.Release|x86.ActiveCfg = Release|Win32
		{E2428EFD-CEE2-4B42-9DF4-2EAE361AD86E}.Release|x86.Build.0 = Release|Win32
		{1FA54AF8-7415-4CF1-A409-7EF3222B896D}.Debug|x64.ActiveCfg = Debug|x64
		{1FA54AF8-7415-4CF1-A409-7EF3222B896D}.Debug|x64.Build.0 = Debug|x64
		{1FA54AF8-7415-4CF1-A409-7EF3222B896D}.Debug|x86.ActiveCfg = Debug|Win32
		{1FA54AF8-7415-4CF1-A409-7EF3222B896D}.Debug|x86.Build.0 = Debug|Win32
		{1FA54AF8-7415-4CF1-A409-7EF3222B896D}.Release|x64.ActiveCfg = Release|x64
		{1FA54AF8-7415-4CF1-A409-7EF3222B896D}.Release|x64.Build.0 = Release|x64
		{1FA54AF8-7415-4CF1-A409-7EF3222B896D}.Release|x86.ActiveCfg = Release|Win32
		{1FA54AF8-7415-4CF1-A409-7EF3222B896D}.Release|x86.Build.0 = Release|Win32
		{9D4CA095-86C0-4255-8D47-6707FA4BBE3F}.Debug|x64.ActiveCfg = Debug|x64
		{9D4CA095-86C0-4255-8D47-6707FA4BBE3F}.Debug|x64.Build.0 = Debug|x64
		{9D4CA095-86C0-4255-8D47-6707FA4BBE3F}.Debug|x86.ActiveCfg = Debug|Win32
		{9D4CA095-86C0-4255-8D47-6707FA4BBE3F}.Debug|x86.Build.0 = Debug|Win32
		{9D4CA095-86C0-4255-8D47-6707FA4BBE3F}.Release|x64.ActiveCfg = Release|x64
		{9D4CA095-86C0-4255-8D47-6707FA4BBE3F}.Release|x64.Build.0 = Release|x64
		{9D4CA095-86C0-4255-8D47-6707FA4BBE3F}.Release|x86.ActiveCfg = Release|Win32
		{9D4CA095-86C0-4255-8D47-6707FA4BBE3F}.Release|x86.Build.0 = Release|Win32
		{E0239728-05DE-43A2-9BB4-0AFBF51B77FE}.Debug|x64.ActiveCfg = Debug|x64
		{E0239728-05DE-43A2-9BB4-0AFBF51B77FE}.Debug|x64.Build.0 = Debug|x64
		{E0239728-05DE-43A2-9BB4-0AFBF51B77FE}.Debug|x86.ActiveCfg = Debug|Win32
		{E0239728-05DE-43A2-9BB4-0AFBF51B77FE}.Debug|x86.Build.0 = Debug|Win32
		{E0239728-05DE-43A2-9BB4-0AFBF51B77FE}.Release|x64.ActiveCfg = Release|x64
		{E0239728-05DE-43A2-9BB4-0AFBF51B77FE}.Release|x64.Build.0 = Release|x64
		{E0239728-05DE-43A2-9BB4-0AFBF51B77FE}.Release|x86.ActiveCfg = Release|Win32
		{E0239728-05DE-43A2-9BB4-0AFBF51B77FE}.Release|x86.Build.0 = Release|Win32
		{C6DD5E87-CF72-447F-BC23-D54F3552D4FF}.Debug|x64.ActiveCfg = Debug|x64
		{C6DD5E87-CF72-447F-BC23-D54F3552D4FF}.Debug|x64.Build.0 = Debug|x64
		{C6DD5E87-CF72-447F-BC23-D54F3552D4FF}.Debug|x86.ActiveCfg = Debug|Win32
		{C6DD5E87-CF72-447F-BC23-D54F3552D4FF}.Debug|x86.Build.0 = Debug|Win32
		{C6DD5E87-CF72-447F-BC23-D54F3552D4FF}.Release|x64.ActiveCfg = Release|x64
		{C6DD5E87-CF72-447F-BC23-D54F3552D4FF}.Release|x64.Build.0 = Release|x64
		{C6DD5E87-CF72-447F-BC23-D54F3552D4FF}.Release|x86.ActiveCfg = Release|Win32
		{C6DD5E87-CF72-447F-BC23-D54F3552D4FF}.Release|x86.Build.0 = Release|Win32
	EndGlobalSection
	GlobalSection(SolutionProperties) = preSolution
		HideSolutionNode = FALSE
	EndGlobalSection
	GlobalSection(ExtensibilityGlobals) = postSolution
		SolutionGuid = {67A5180A-6435-4BFC-9C35-0FCACEBBE496}
	EndGlobalSection
EndGlobal
