
Microsoft Visual Studio Solution File, Format Version 12.00
# Visual Studio Version 17
Project("{2150E333-8FDC-42A3-9474-1A3956D46DE8}") = "Assimp", "Assimp", "{317CAE6B-F0ED-394F-88DA-762D512F8AA8}"
EndProject
Project("{2150E333-8FDC-42A3-9474-1A3956D46DE8}") = "CMakePredefinedTargets", "CMakePredefinedTargets", "{8A51674F-DB1A-3A21-8B75-C8AE57A9DF2C}"
EndProject
Project("{8BC9CEB8-8B4A-11D0-8D11-00A0C91BC942}") = "ALL_BUILD", "ALL_BUILD.vcxproj", "{928C3414-4B3B-3EEF-B882-D46324FCD912}"
	ProjectSection(ProjectDependencies) = postProject
		{223B2994-5CB6-3A12-931B-30F8CD6B6851} = {223B2994-5CB6-3A12-931B-30F8CD6B6851}
		{246FEAC1-3B83-39CB-A22F-35888FBC5666} = {246FEAC1-3B83-39CB-A22F-35888FBC5666}
		{4B0F0740-E57E-3337-B633-24360D1DDD88} = {4B0F0740-E57E-3337-B633-24360D1DDD88}
	EndProjectSection
EndProject
Project("{8BC9CEB8-8B4A-11D0-8D11-00A0C91BC942}") = "INSTALL", "INSTALL.vcxproj", "{E4AD1E0F-C80B-371C-9E96-E3F87EDC5D64}"
	ProjectSection(ProjectDependencies) = postProject
		{928C3414-4B3B-3EEF-B882-D46324FCD912} = {928C3414-4B3B-3EEF-B882-D46324FCD912}
		{223B2994-5CB6-3A12-931B-30F8CD6B6851} = {223B2994-5CB6-3A12-931B-30F8CD6B6851}
	EndProjectSection
EndProject
Project("{8BC9CEB8-8B4A-11D0-8D11-00A0C91BC942}") = "UpdateAssimpLibsDebugSymbolsAndDLLs", "UpdateAssimpLibsDebugSymbolsAndDLLs.vcxproj", "{90EE708B-F1B4-389E-9154-5D8EFE48078F}"
	ProjectSection(ProjectDependencies) = postProject
		{223B2994-5CB6-3A12-931B-30F8CD6B6851} = {223B2994-5CB6-3A12-931B-30F8CD6B6851}
	EndProjectSection
EndProject
Project("{8BC9CEB8-8B4A-11D0-8D11-00A0C91BC942}") = "ZERO_CHECK", "..\\ZERO_CHECK.vcxproj", "{223B2994-5CB6-3A12-931B-30F8CD6B6851}"
	ProjectSection(ProjectDependencies) = postProject
	EndProjectSection
EndProject
Project("{8BC9CEB8-8B4A-11D0-8D11-00A0C91BC942}") = "assimp", "code\assimp.vcxproj", "{246FEAC1-3B83-39CB-A22F-35888FBC5666}"
	ProjectSection(ProjectDependencies) = postProject
		{223B2994-5CB6-3A12-931B-30F8CD6B6851} = {223B2994-5CB6-3A12-931B-30F8CD6B6851}
		{4B0F0740-E57E-3337-B633-24360D1DDD88} = {4B0F0740-E57E-3337-B633-24360D1DDD88}
	EndProjectSection
EndProject
Project("{8BC9CEB8-8B4A-11D0-8D11-00A0C91BC942}") = "zlibstatic", "contrib\zlib\zlibstatic.vcxproj", "{4B0F0740-E57E-3337-B633-24360D1DDD88}"
	ProjectSection(ProjectDependencies) = postProject
		{223B2994-5CB6-3A12-931B-30F8CD6B6851} = {223B2994-5CB6-3A12-931B-30F8CD6B6851}
	EndProjectSection
EndProject
Global
	GlobalSection(SolutionConfigurationPlatforms) = preSolution
		Debug|x64 = Debug|x64
		Release|x64 = Release|x64
	EndGlobalSection
	GlobalSection(ProjectConfigurationPlatforms) = postSolution
		{928C3414-4B3B-3EEF-B882-D46324FCD912}.Debug|x64.ActiveCfg = Debug|x64
		{928C3414-4B3B-3EEF-B882-D46324FCD912}.Debug|x64.Build.0 = Debug|x64
		{928C3414-4B3B-3EEF-B882-D46324FCD912}.Release|x64.ActiveCfg = Release|x64
		{928C3414-4B3B-3EEF-B882-D46324FCD912}.Release|x64.Build.0 = Release|x64
		{E4AD1E0F-C80B-371C-9E96-E3F87EDC5D64}.Debug|x64.ActiveCfg = Debug|x64
		{E4AD1E0F-C80B-371C-9E96-E3F87EDC5D64}.Release|x64.ActiveCfg = Release|x64
		{90EE708B-F1B4-389E-9154-5D8EFE48078F}.Debug|x64.ActiveCfg = Debug|x64
		{90EE708B-F1B4-389E-9154-5D8EFE48078F}.Release|x64.ActiveCfg = Release|x64
		{223B2994-5CB6-3A12-931B-30F8CD6B6851}.Debug|x64.ActiveCfg = Debug|x64
		{223B2994-5CB6-3A12-931B-30F8CD6B6851}.Debug|x64.Build.0 = Debug|x64
		{223B2994-5CB6-3A12-931B-30F8CD6B6851}.Release|x64.ActiveCfg = Release|x64
		{223B2994-5CB6-3A12-931B-30F8CD6B6851}.Release|x64.Build.0 = Release|x64
		{246FEAC1-3B83-39CB-A22F-35888FBC5666}.Debug|x64.ActiveCfg = Debug|x64
		{246FEAC1-3B83-39CB-A22F-35888FBC5666}.Debug|x64.Build.0 = Debug|x64
		{246FEAC1-3B83-39CB-A22F-35888FBC5666}.Release|x64.ActiveCfg = Release|x64
		{246FEAC1-3B83-39CB-A22F-35888FBC5666}.Release|x64.Build.0 = Release|x64
		{4B0F0740-E57E-3337-B633-24360D1DDD88}.Debug|x64.ActiveCfg = Debug|x64
		{4B0F0740-E57E-3337-B633-24360D1DDD88}.Debug|x64.Build.0 = Debug|x64
		{4B0F0740-E57E-3337-B633-24360D1DDD88}.Release|x64.ActiveCfg = Release|x64
		{4B0F0740-E57E-3337-B633-24360D1DDD88}.Release|x64.Build.0 = Release|x64
	EndGlobalSection
	GlobalSection(NestedProjects) = preSolution
		{90EE708B-F1B4-389E-9154-5D8EFE48078F} = {317CAE6B-F0ED-394F-88DA-762D512F8AA8}
		{246FEAC1-3B83-39CB-A22F-35888FBC5666} = {317CAE6B-F0ED-394F-88DA-762D512F8AA8}
		{4B0F0740-E57E-3337-B633-24360D1DDD88} = {317CAE6B-F0ED-394F-88DA-762D512F8AA8}
		{928C3414-4B3B-3EEF-B882-D46324FCD912} = {8A51674F-DB1A-3A21-8B75-C8AE57A9DF2C}
		{E4AD1E0F-C80B-371C-9E96-E3F87EDC5D64} = {8A51674F-DB1A-3A21-8B75-C8AE57A9DF2C}
		{223B2994-5CB6-3A12-931B-30F8CD6B6851} = {8A51674F-DB1A-3A21-8B75-C8AE57A9DF2C}
	EndGlobalSection
	GlobalSection(ExtensibilityGlobals) = postSolution
		SolutionGuid = {5A38065B-49E5-3112-8FCF-D4E0E75CC122}
	EndGlobalSection
	GlobalSection(ExtensibilityAddIns) = postSolution
	EndGlobalSection
EndGlobal
